<Solution>
  <Project Path="No.1/No.1.csproj" />
  <Project Path="No.3/No.3.csproj" Id="985699eb-47b8-41ee-9e22-7729495012b1" />
  <Project Path="No.4/No.4.csproj" Id="eff430aa-03ea-4bdd-9282-93bd63830402" />
  <Project Path="No.5/No.5.csproj" Id="6e3d4718-9925-47f0-b7b4-660c1dded139" />
  <Project Path="No.6/No.6.csproj" Id="8d1d29cd-c600-4b2b-8400-78028248784c" />
  <Project Path="No.7/No.7.csproj" Id="5a8c36b3-0a4a-49fa-a838-78a09187dd61" />
  <Project Path="numero2/No.2.csproj" />
</Solution>
