<Solution>
  <Project Path="No.1/No.1.csproj" />
  <Project Path="No.10/No.10.csproj" Id="d3f037b2-f562-449c-a711-e0e4084a6463" />
  <Project Path="No.11/No.11.csproj" Id="48a91618-3dd9-4826-b9fd-73ae976e75f1" />
  <Project Path="No.12/No.12.csproj" Id="5448e60a-0ae1-441c-b283-ec07931ab7fd" />
  <Project Path="No.13/No.13.csproj" Id="310eb28d-32fb-4bec-8df5-abe4eea7c6e2" />
  <Project Path="No.14/No.14.csproj" Id="3ef6503b-5a0b-471f-ba76-d03870925b83" />
  <Project Path="No.15/No.15.csproj" Id="3b290bf4-25db-487a-be4b-41af9f359655" />
  <Project Path="No.3/No.3.csproj" Id="985699eb-47b8-41ee-9e22-7729495012b1" />
  <Project Path="No.4/No.4.csproj" Id="eff430aa-03ea-4bdd-9282-93bd63830402" />
  <Project Path="No.5/No.5.csproj" Id="6e3d4718-9925-47f0-b7b4-660c1dded139" />
  <Project Path="No.6/No.6.csproj" Id="8d1d29cd-c600-4b2b-8400-78028248784c" />
  <Project Path="No.7/No.7.csproj" Id="5a8c36b3-0a4a-49fa-a838-78a09187dd61" />
  <Project Path="No.8/No.8.csproj" Id="4e0a8ce7-7097-4867-879d-1232f08b0d58" />
  <Project Path="No.9/No.9.csproj" Id="38498384-e7a4-4893-96c1-42118c7b36d2" />
  <Project Path="numero2/No.2.csproj" />
</Solution>
